
Microsoft Visual Studio Solution File, Format Version 12.00
# Visual Studio 15
VisualStudioVersion = 15.0.27703.2035
MinimumVisualStudioVersion = 10.0.40219.1
Project("{FAE04EC0-301F-11D3-BF4B-00C04F79EFBC}") = "Kelson.Common.Trees", "Kelson.Common.Trees\Kelson.Common.Trees.csproj", "{E6FBFA00-A0B0-4F11-BDFF-4FAC1E7B8DF9}"
EndProject
Project("{FAE04EC0-301F-11D3-BF4B-00C04F79EFBC}") = "Kelson.Common.Trees.Tests", "Kelson.Common.Trees.Tests\Kelson.Common.Trees.Tests.csproj", "{77ACFF80-F217-45EE-A1C1-C003A5D69989}"
EndProject
Global
	GlobalSection(SolutionConfigurationPlatforms) = preSolution
		Debug|Any CPU = Debug|Any CPU
		Release|Any CPU = Release|Any CPU
	EndGlobalSection
	GlobalSection(ProjectConfigurationPlatforms) = postSolution
		{E6FBFA00-A0B0-4F11-BDFF-4FAC1E7B8DF9}.Debug|Any CPU.ActiveCfg = Debug|Any CPU
		{E6FBFA00-A0B0-4F11-BDFF-4FAC1E7B8DF9}.Debug|Any CPU.Build.0 = Debug|Any CPU
		{E6FBFA00-A0B0-4F11-BDFF-4FAC1E7B8DF9}.Release|Any CPU.ActiveCfg = Release|Any CPU
		{E6FBFA00-A0B0-4F11-BDFF-4FAC1E7B8DF9}.Release|Any CPU.Build.0 = Release|Any CPU
		{77ACFF80-F217-45EE-A1C1-C003A5D69989}.Debug|Any CPU.ActiveCfg = Debug|Any CPU
		{77ACFF80-F217-45EE-A1C1-C003A5D69989}.Debug|Any CPU.Build.0 = Debug|Any CPU
		{77ACFF80-F217-45EE-A1C1-C003A5D69989}.Release|Any CPU.ActiveCfg = Release|Any CPU
		{77ACFF80-F217-45EE-A1C1-C003A5D69989}.Release|Any CPU.Build.0 = Release|Any CPU
	EndGlobalSection
	GlobalSection(SolutionProperties) = preSolution
		HideSolutionNode = FALSE
	EndGlobalSection
	GlobalSection(ExtensibilityGlobals) = postSolution
		SolutionGuid = {0C418071-BA2C-49D7-BBCB-2ACF94D625B1}
	EndGlobalSection
EndGlobal
